// !$*UTF8*$!
{
	archiveVersion = 1;
	classes = {
	};
	objectVersion = 50;
	objects = {

/* Begin PBXBuildFile section */
		FA808D5A217E9BF2005C6EE8 /* AppDelegate.swift in Sources */ = {isa = PBXBuildFile; fileRef = FA808D59217E9BF2005C6EE8 /* AppDelegate.swift */; };
		FA808D5C217E9BF2005C6EE8 /* ViewController.swift in Sources */ = {isa = PBXBuildFile; fileRef = FA808D5B217E9BF2005C6EE8 /* ViewController.swift */; };
		FA808D5F217E9BF2005C6EE8 /* Main.storyboard in Resources */ = {isa = PBXBuildFile; fileRef = FA808D5D217E9BF2005C6EE8 /* Main.storyboard */; };
		FA808D61217E9BF4005C6EE8 /* Assets.xcassets in Resources */ = {isa = PBXBuildFile; fileRef = FA808D60217E9BF4005C6EE8 /* Assets.xcassets */; };
		FA808D64217E9BF4005C6EE8 /* LaunchScreen.storyboard in Resources */ = {isa = PBXBuildFile; fileRef = FA808D62217E9BF4005C6EE8 /* LaunchScreen.storyboard */; };
		FA808D6C217EDFF9005C6EE8 /* SubView.xib in Resources */ = {isa = PBXBuildFile; fileRef = FA808D6B217EDFF9005C6EE8 /* SubView.xib */; };
		FA808D6E217EE26B005C6EE8 /* SubView.swift in Sources */ = {isa = PBXBuildFile; fileRef = FA808D6D217EE26B005C6EE8 /* SubView.swift */; };
/* End PBXBuildFile section */

/* Begin PBXFileReference section */
		FA808D56217E9BF2005C6EE8 /* IOS-Swift-XibHandling.app */ = {isa = PBXFileReference; explicitFileType = wrapper.application; includeInIndex = 0; path = "IOS-Swift-XibHandling.app"; sourceTree = BUILT_PRODUCTS_DIR; };
		FA808D59217E9BF2005C6EE8 /* AppDelegate.swift */ = {isa = PBXFileReference; lastKnownFileType = sourcecode.swift; path = AppDelegate.swift; sourceTree = "<group>"; };
		FA808D5B217E9BF2005C6EE8 /* ViewController.swift */ = {isa = PBXFileReference; lastKnownFileType = sourcecode.swift; path = ViewController.swift; sourceTree = "<group>"; };
		FA808D5E217E9BF2005C6EE8 /* Base */ = {isa = PBXFileReference; lastKnownFileType = file.storyboard; name = Base; path = Base.lproj/Main.storyboard; sourceTree = "<group>"; };
		FA808D60217E9BF4005C6EE8 /* Assets.xcassets */ = {isa = PBXFileReference; lastKnownFileType = folder.assetcatalog; path = Assets.xcassets; sourceTree = "<group>"; };
		FA808D63217E9BF4005C6EE8 /* Base */ = {isa = PBXFileReference; lastKnownFileType = file.storyboard; name = Base; path = Base.lproj/LaunchScreen.storyboard; sourceTree = "<group>"; };
		FA808D65217E9BF4005C6EE8 /* Info.plist */ = {isa = PBXFileReference; lastKnownFileType = text.plist.xml; path = Info.plist; sourceTree = "<group>"; };
		FA808D6B217EDFF9005C6EE8 /* SubView.xib */ = {isa = PBXFileReference; lastKnownFileType = file.xib; path = SubView.xib; sourceTree = "<group>"; };
		FA808D6D217EE26B005C6EE8 /* SubView.swift */ = {isa = PBXFileReference; lastKnownFileType = sourcecode.swift; path = SubView.swift; sourceTree = "<group>"; };
/* End PBXFileReference section */

/* Begin PBXFrameworksBuildPhase section */
		FA808D53217E9BF2005C6EE8 /* Frameworks */ = {
			isa = PBXFrameworksBuildPhase;
			buildActionMask = 2147483647;
			files = (
			);
			runOnlyForDeploymentPostprocessing = 0;
		};
/* End PBXFrameworksBuildPhase section */

/* Begin PBXGroup section */
		FA808D4D217E9BF2005C6EE8 = {
			isa = PBXGroup;
			children = (
				FA808D58217E9BF2005C6EE8 /* IOS-Swift-XibHandling */,
				FA808D57217E9BF2005C6EE8 /* Products */,
			);
			sourceTree = "<group>";
		};
		FA808D57217E9BF2005C6EE8 /* Products */ = {
			isa = PBXGroup;
			children = (
				FA808D56217E9BF2005C6EE8 /* IOS-Swift-XibHandling.app */,
			);
			name = Products;
			sourceTree = "<group>";
		};
		FA808D58217E9BF2005C6EE8 /* IOS-Swift-XibHandling */ = {
			isa = PBXGroup;
			children = (
				FA808D59217E9BF2005C6EE8 /* AppDelegate.swift */,
				FA808D6B217EDFF9005C6EE8 /* SubView.xib */,
				FA808D6D217EE26B005C6EE8 /* SubView.swift */,
				FA808D5B217E9BF2005C6EE8 /* ViewController.swift */,
				FA808D5D217E9BF2005C6EE8 /* Main.storyboard */,
				FA808D60217E9BF4005C6EE8 /* Assets.xcassets */,
				FA808D62217E9BF4005C6EE8 /* LaunchScreen.storyboard */,
				FA808D65217E9BF4005C6EE8 /* Info.plist */,
			);
			path = "IOS-Swift-XibHandling";
			sourceTree = "<group>";
		};
/* End PBXGroup section */

/* Begin PBXNativeTarget section */
		FA808D55217E9BF2005C6EE8 /* IOS-Swift-XibHandling */ = {
			isa = PBXNativeTarget;
			buildConfigurationList = FA808D68217E9BF4005C6EE8 /* Build configuration list for PBXNativeTarget "IOS-Swift-XibHandling" */;
			buildPhases = (
				FA808D52217E9BF2005C6EE8 /* Sources */,
				FA808D53217E9BF2005C6EE8 /* Frameworks */,
				FA808D54217E9BF2005C6EE8 /* Resources */,
			);
			buildRules = (
			);
			dependencies = (
			);
			name = "IOS-Swift-XibHandling";
			productName = "IOS-Swift-XibHandling";
			productReference = FA808D56217E9BF2005C6EE8 /* IOS-Swift-XibHandling.app */;
			productType = "com.apple.product-type.application";
		};
/* End PBXNativeTarget section */

/* Begin PBXProject section */
		FA808D4E217E9BF2005C6EE8 /* Project object */ = {
			isa = PBXProject;
			attributes = {
				LastSwiftUpdateCheck = 1000;
				LastUpgradeCheck = 1000;
				ORGANIZATIONNAME = Pooya;
				TargetAttributes = {
					FA808D55217E9BF2005C6EE8 = {
						CreatedOnToolsVersion = 10.0;
					};
				};
			};
			buildConfigurationList = FA808D51217E9BF2005C6EE8 /* Build configuration list for PBXProject "IOS-Swift-XibHandling" */;
			compatibilityVersion = "Xcode 9.3";
			developmentRegion = en;
			hasScannedForEncodings = 0;
			knownRegions = (
				en,
				Base,
			);
			mainGroup = FA808D4D217E9BF2005C6EE8;
			productRefGroup = FA808D57217E9BF2005C6EE8 /* Products */;
			projectDirPath = "";
			projectRoot = "";
			targets = (
				FA808D55217E9BF2005C6EE8 /* IOS-Swift-XibHandling */,
			);
		};
/* End PBXProject section */

/* Begin PBXResourcesBuildPhase section */
		FA808D54217E9BF2005C6EE8 /* Resources */ = {
			isa = PBXResourcesBuildPhase;
			buildActionMask = 2147483647;
			files = (
				FA808D64217E9BF4005C6EE8 /* LaunchScreen.storyboard in Resources */,
				FA808D6C217EDFF9005C6EE8 /* SubView.xib in Resources */,
				FA808D61217E9BF4005C6EE8 /* Assets.xcassets in Resources */,
				FA808D5F217E9BF2005C6EE8 /* Main.storyboard in Resources */,
			);
			runOnlyForDeploymentPostprocessing = 0;
		};
/* End PBXResourcesBuildPhase section */

/* Begin PBXSourcesBuildPhase section */
		FA808D52217E9BF2005C6EE8 /* Sources */ = {
			isa = PBXSourcesBuildPhase;
			buildActionMask = 2147483647;
			files = (
				FA808D6E217EE26B005C6EE8 /* SubView.swift in Sources */,
				FA808D5C217E9BF2005C6EE8 /* ViewController.swift in Sources */,
				FA808D5A217E9BF2005C6EE8 /* AppDelegate.swift in Sources */,
			);
			runOnlyForDeploymentPostprocessing = 0;
		};
/* End PBXSourcesBuildPhase section */

/* Begin PBXVariantGroup section */
		FA808D5D217E9BF2005C6EE8 /* Main.storyboard */ = {
			isa = PBXVariantGroup;
			children = (
				FA808D5E217E9BF2005C6EE8 /* Base */,
			);
			name = Main.storyboard;
			sourceTree = "<group>";
		};
		FA808D62217E9BF4005C6EE8 /* LaunchScreen.storyboard */ = {
			isa = PBXVariantGroup;
			children = (
				FA808D63217E9BF4005C6EE8 /* Base */,
			);
			name = LaunchScreen.storyboard;
			sourceTree = "<group>";
		};
/* End PBXVariantGroup section */

/* Begin XCBuildConfiguration section */
		FA808D66217E9BF4005C6EE8 /* Debug */ = {
			isa = XCBuildConfiguration;
			buildSettings = {
				ALWAYS_SEARCH_USER_PATHS = NO;
				CLANG_ANALYZER_NONNULL = YES;
				CLANG_ANALYZER_NUMBER_OBJECT_CONVERSION = YES_AGGRESSIVE;
				CLANG_CXX_LANGUAGE_STANDARD = "gnu++14";
				CLANG_CXX_LIBRARY = "libc++";
				CLANG_ENABLE_MODULES = YES;
				CLANG_ENABLE_OBJC_ARC = YES;
				CLANG_ENABLE_OBJC_WEAK = YES;
				CLANG_WARN_BLOCK_CAPTURE_AUTORELEASING = YES;
				CLANG_WARN_BOOL_CONVERSION = YES;
				CLANG_WARN_COMMA = YES;
				CLANG_WARN_CONSTANT_CONVERSION = YES;
				CLANG_WARN_DEPRECATED_OBJC_IMPLEMENTATIONS = YES;
				CLANG_WARN_DIRECT_OBJC_ISA_USAGE = YES_ERROR;
				CLANG_WARN_DOCUMENTATION_COMMENTS = YES;
				CLANG_WARN_EMPTY_BODY = YES;
				CLANG_WARN_ENUM_CONVERSION = YES;
				CLANG_WARN_INFINITE_RECURSION = YES;
				CLANG_WARN_INT_CONVERSION = YES;
				CLANG_WARN_NON_LITERAL_NULL_CONVERSION = YES;
				CLANG_WARN_OBJC_IMPLICIT_RETAIN_SELF = YES;
				CLANG_WARN_OBJC_LITERAL_CONVERSION = YES;
				CLANG_WARN_OBJC_ROOT_CLASS = YES_ERROR;
				CLANG_WARN_RANGE_LOOP_ANALYSIS = YES;
				CLANG_WARN_STRICT_PROTOTYPES = YES;
				CLANG_WARN_SUSPICIOUS_MOVE = YES;
				CLANG_WARN_UNGUARDED_AVAILABILITY = YES_AGGRESSIVE;
				CLANG_WARN_UNREACHABLE_CODE = YES;
				CLANG_WARN__DUPLICATE_METHOD_MATCH = YES;
				CODE_SIGN_IDENTITY = "iPhone Developer";
				COPY_PHASE_STRIP = NO;
				DEBUG_INFORMATION_FORMAT = dwarf;
				ENABLE_STRICT_OBJC_MSGSEND = YES;
				ENABLE_TESTABILITY = YES;
				GCC_C_LANGUAGE_STANDARD = gnu11;
				GCC_DYNAMIC_NO_PIC = NO;
				GCC_NO_COMMON_BLOCKS = YES;
				GCC_OPTIMIZATION_LEVEL = 0;
				GCC_PREPROCESSOR_DEFINITIONS = (
					"DEBUG=1",
					"$(inherited)",
				);
				GCC_WARN_64_TO_32_BIT_CONVERSION = YES;
				GCC_WARN_ABOUT_RETURN_TYPE = YES_ERROR;
				GCC_WARN_UNDECLARED_SELECTOR = YES;
				GCC_WARN_UNINITIALIZED_AUTOS = YES_AGGRESSIVE;
				GCC_WARN_UNUSED_FUNCTION = YES;
				GCC_WARN_UNUSED_VARIABLE = YES;
				IPHONEOS_DEPLOYMENT_TARGET = 12.0;
				MTL_ENABLE_DEBUG_INFO = INCLUDE_SOURCE;
				MTL_FAST_MATH = YES;
				ONLY_ACTIVE_ARCH = YES;
				SDKROOT = iphoneos;
				SWIFT_ACTIVE_COMPILATION_CONDITIONS = DEBUG;
				SWIFT_OPTIMIZATION_LEVEL = "-Onone";
			};
			name = Debug;
		};
		FA808D67217E9BF4005C6EE8 /* Release */ = {
			isa = XCBuildConfiguration;
			buildSettings = {
				ALWAYS_SEARCH_USER_PATHS = NO;
				CLANG_ANALYZER_NONNULL = YES;
				CLANG_ANALYZER_NUMBER_OBJECT_CONVERSION = YES_AGGRESSIVE;
				CLANG_CXX_LANGUAGE_STANDARD = "gnu++14";
				CLANG_CXX_LIBRARY = "libc++";
				CLANG_ENABLE_MODULES = YES;
				CLANG_ENABLE_OBJC_ARC = YES;
				CLANG_ENABLE_OBJC_WEAK = YES;
				CLANG_WARN_BLOCK_CAPTURE_AUTORELEASING = YES;
				CLANG_WARN_BOOL_CONVERSION = YES;
				CLANG_WARN_COMMA = YES;
				CLANG_WARN_CONSTANT_CONVERSION = YES;
				CLANG_WARN_DEPRECATED_OBJC_IMPLEMENTATIONS = YES;
				CLANG_WARN_DIRECT_OBJC_ISA_USAGE = YES_ERROR;
				CLANG_WARN_DOCUMENTATION_COMMENTS = YES;
				CLANG_WARN_EMPTY_BODY = YES;
				CLANG_WARN_ENUM_CONVERSION = YES;
				CLANG_WARN_INFINITE_RECURSION = YES;
				CLANG_WARN_INT_CONVERSION = YES;
				CLANG_WARN_NON_LITERAL_NULL_CONVERSION = YES;
				CLANG_WARN_OBJC_IMPLICIT_RETAIN_SELF = YES;
				CLANG_WARN_OBJC_LITERAL_CONVERSION = YES;
				CLANG_WARN_OBJC_ROOT_CLASS = YES_ERROR;
				CLANG_WARN_RANGE_LOOP_ANALYSIS = YES;
				CLANG_WARN_STRICT_PROTOTYPES = YES;
				CLANG_WARN_SUSPICIOUS_MOVE = YES;
				CLANG_WARN_UNGUARDED_AVAILABILITY = YES_AGGRESSIVE;
				CLANG_WARN_UNREACHABLE_CODE = YES;
				CLANG_WARN__DUPLICATE_METHOD_MATCH = YES;
				CODE_SIGN_IDENTITY = "iPhone Developer";
				COPY_PHASE_STRIP = NO;
				DEBUG_INFORMATION_FORMAT = "dwarf-with-dsym";
				ENABLE_NS_ASSERTIONS = NO;
				ENABLE_STRICT_OBJC_MSGSEND = YES;
				GCC_C_LANGUAGE_STANDARD = gnu11;
				GCC_NO_COMMON_BLOCKS = YES;
				GCC_WARN_64_TO_32_BIT_CONVERSION = YES;
				GCC_WARN_ABOUT_RETURN_TYPE = YES_ERROR;
				GCC_WARN_UNDECLARED_SELECTOR = YES;
				GCC_WARN_UNINITIALIZED_AUTOS = YES_AGGRESSIVE;
				GCC_WARN_UNUSED_FUNCTION = YES;
				GCC_WARN_UNUSED_VARIABLE = YES;
				IPHONEOS_DEPLOYMENT_TARGET = 12.0;
				MTL_ENABLE_DEBUG_INFO = NO;
				MTL_FAST_MATH = YES;
				SDKROOT = iphoneos;
				SWIFT_COMPILATION_MODE = wholemodule;
				SWIFT_OPTIMIZATION_LEVEL = "-O";
				VALIDATE_PRODUCT = YES;
			};
			name = Release;
		};
		FA808D69217E9BF4005C6EE8 /* Debug */ = {
			isa = XCBuildConfiguration;
			buildSettings = {
				ASSETCATALOG_COMPILER_APPICON_NAME = AppIcon;
				CODE_SIGN_STYLE = Automatic;
				DEVELOPMENT_TEAM = 29BJ3MZQW5;
				INFOPLIST_FILE = "IOS-Swift-XibHandling/Info.plist";
				LD_RUNPATH_SEARCH_PATHS = (
					"$(inherited)",
					"@executable_path/Frameworks",
				);
				PRODUCT_BUNDLE_IDENTIFIER = "com.pooya.brain.dev.IOS-Swift-XibHandling";
				PRODUCT_NAME = "$(TARGET_NAME)";
				SWIFT_VERSION = 4.2;
				TARGETED_DEVICE_FAMILY = "1,2";
			};
			name = Debug;
		};
		FA808D6A217E9BF4005C6EE8 /* Release */ = {
			isa = XCBuildConfiguration;
			buildSettings = {
				ASSETCATALOG_COMPILER_APPICON_NAME = AppIcon;
				CODE_SIGN_STYLE = Automatic;
				DEVELOPMENT_TEAM = 29BJ3MZQW5;
				INFOPLIST_FILE = "IOS-Swift-XibHandling/Info.plist";
				LD_RUNPATH_SEARCH_PATHS = (
					"$(inherited)",
					"@executable_path/Frameworks",
				);
				PRODUCT_BUNDLE_IDENTIFIER = "com.pooya.brain.dev.IOS-Swift-XibHandling";
				PRODUCT_NAME = "$(TARGET_NAME)";
				SWIFT_VERSION = 4.2;
				TARGETED_DEVICE_FAMILY = "1,2";
			};
			name = Release;
		};
/* End XCBuildConfiguration section */

/* Begin XCConfigurationList section */
		FA808D51217E9BF2005C6EE8 /* Build configuration list for PBXProject "IOS-Swift-XibHandling" */ = {
			isa = XCConfigurationList;
			buildConfigurations = (
				FA808D66217E9BF4005C6EE8 /* Debug */,
				FA808D67217E9BF4005C6EE8 /* Release */,
			);
			defaultConfigurationIsVisible = 0;
			defaultConfigurationName = Release;
		};
		FA808D68217E9BF4005C6EE8 /* Build configuration list for PBXNativeTarget "IOS-Swift-XibHandling" */ = {
			isa = XCConfigurationList;
			buildConfigurations = (
				FA808D69217E9BF4005C6EE8 /* Debug */,
				FA808D6A217E9BF4005C6EE8 /* Release */,
			);
			defaultConfigurationIsVisible = 0;
			defaultConfigurationName = Release;
		};
/* End XCConfigurationList section */
	};
	rootObject = FA808D4E217E9BF2005C6EE8 /* Project object */;
}
